
Microsoft Visual Studio Solution File, Format Version 12.00
# Visual Studio 14
VisualStudioVersion = 14.0.25420.1
MinimumVisualStudioVersion = 10.0.40219.1
Project("{2150E333-8FDC-42A3-9474-1A3956D46DE8}") = "src", "src", "{E05A2498-118E-4247-B1C8-CA41AC95DABD}"
EndProject
Project("{2150E333-8FDC-42A3-9474-1A3956D46DE8}") = "Solution Items", "Solution Items", "{46DD7387-83E9-49BF-B137-4DBEFB46D12F}"
	ProjectSection(SolutionItems) = preProject
		global.json = global.json
	EndProjectSection
EndProject
Project("{8BB2217D-0F2D-49D1-97BC-3654ED321F3B}") = "MvcMovie", "src\MvcMovie\MvcMovie.xproj", "{C6FE5695-76F4-4328-A282-92E05D46BA43}"
EndProject
Global
	GlobalSection(SolutionConfigurationPlatforms) = preSolution
		Debug|Any CPU = Debug|Any CPU
		Release|Any CPU = Release|Any CPU
	EndGlobalSection
	GlobalSection(ProjectConfigurationPlatforms) = postSolution
		{C6FE5695-76F4-4328-A282-92E05D46BA43}.Debug|Any CPU.ActiveCfg = Debug|Any CPU
		{C6FE5695-76F4-4328-A282-92E05D46BA43}.Debug|Any CPU.Build.0 = Debug|Any CPU
		{C6FE5695-76F4-4328-A282-92E05D46BA43}.Release|Any CPU.ActiveCfg = Release|Any CPU
		{C6FE5695-76F4-4328-A282-92E05D46BA43}.Release|Any CPU.Build.0 = Release|Any CPU
	EndGlobalSection
	GlobalSection(SolutionProperties) = preSolution
		HideSolutionNode = FALSE
	EndGlobalSection
	GlobalSection(NestedProjects) = preSolution
		{C6FE5695-76F4-4328-A282-92E05D46BA43} = {E05A2498-118E-4247-B1C8-CA41AC95DABD}
	EndGlobalSection
EndGlobal
